// !$*UTF8*$!
{
	archiveVersion = 1;
	classes = {
	};
	objectVersion = 51;
	objects = {

/* Begin PBXBuildFile section */
		BCD0F66F1D33992042698236 /* Pods_UniFlip_UniFlipUITests.framework in Frameworks */ = {isa = PBXBuildFile; fileRef = 12E62F05025D37B8BE7A4EA6 /* Pods_UniFlip_UniFlipUITests.framework */; };
		D09FFDA5269C2174008B33B5 /* AppDelegate.m in Sources */ = {isa = PBXBuildFile; fileRef = D09FFDA4269C2174008B33B5 /* AppDelegate.m */; };
		D09FFDA8269C2174008B33B5 /* SceneDelegate.m in Sources */ = {isa = PBXBuildFile; fileRef = D09FFDA7269C2174008B33B5 /* SceneDelegate.m */; };
		D09FFDAE269C2174008B33B5 /* Main.storyboard in Resources */ = {isa = PBXBuildFile; fileRef = D09FFDAC269C2174008B33B5 /* Main.storyboard */; };
		D09FFDB0269C2176008B33B5 /* Assets.xcassets in Resources */ = {isa = PBXBuildFile; fileRef = D09FFDAF269C2176008B33B5 /* Assets.xcassets */; };
		D09FFDB3269C2176008B33B5 /* LaunchScreen.storyboard in Resources */ = {isa = PBXBuildFile; fileRef = D09FFDB1269C2176008B33B5 /* LaunchScreen.storyboard */; };
		D09FFDB6269C2176008B33B5 /* main.m in Sources */ = {isa = PBXBuildFile; fileRef = D09FFDB5269C2176008B33B5 /* main.m */; };
		D09FFDC0269C2176008B33B5 /* UniFlipTests.m in Sources */ = {isa = PBXBuildFile; fileRef = D09FFDBF269C2176008B33B5 /* UniFlipTests.m */; };
		D09FFDCB269C2176008B33B5 /* UniFlipUITests.m in Sources */ = {isa = PBXBuildFile; fileRef = D09FFDCA269C2176008B33B5 /* UniFlipUITests.m */; };
		D09FFDDB269C2322008B33B5 /* LoginViewController.m in Sources */ = {isa = PBXBuildFile; fileRef = D09FFDDA269C2322008B33B5 /* LoginViewController.m */; };
		D09FFDE1269CAF50008B33B5 /* NewAccountViewController.m in Sources */ = {isa = PBXBuildFile; fileRef = D09FFDE0269CAF50008B33B5 /* NewAccountViewController.m */; };
		D09FFDE5269CDE66008B33B5 /* CollegeCell.m in Sources */ = {isa = PBXBuildFile; fileRef = D09FFDE4269CDE66008B33B5 /* CollegeCell.m */; };
		D0B7A624269D0EFE0029D204 /* Keys.plist in Resources */ = {isa = PBXBuildFile; fileRef = D0B7A623269D0EFE0029D204 /* Keys.plist */; };
		D0B7A627269D5A6D0029D204 /* HomeViewController.m in Sources */ = {isa = PBXBuildFile; fileRef = D0B7A626269D5A6D0029D204 /* HomeViewController.m */; };
		D0B7A62A269DEE470029D204 /* SellViewController.m in Sources */ = {isa = PBXBuildFile; fileRef = D0B7A629269DEE470029D204 /* SellViewController.m */; };
		D0B7A631269E8C530029D204 /* SelectOptionViewController.m in Sources */ = {isa = PBXBuildFile; fileRef = D0B7A630269E8C530029D204 /* SelectOptionViewController.m */; };
		D0B7A634269E934D0029D204 /* OptionCell.m in Sources */ = {isa = PBXBuildFile; fileRef = D0B7A633269E934D0029D204 /* OptionCell.m */; };
		D0B7A638269F4A760029D204 /* PlaceAutocompleteViewController.m in Sources */ = {isa = PBXBuildFile; fileRef = D0B7A637269F4A760029D204 /* PlaceAutocompleteViewController.m */; };
		D0B7A63E269FB3E30029D204 /* Listing.m in Sources */ = {isa = PBXBuildFile; fileRef = D0B7A63D269FB3E30029D204 /* Listing.m */; };
		D56325CDB651DCF1D6E74995 /* Pods_UniFlip.framework in Frameworks */ = {isa = PBXBuildFile; fileRef = 896002A9551245D6FC5C1603 /* Pods_UniFlip.framework */; };
		EEF5230230B5B4982AA7A2F1 /* Pods_UniFlipTests.framework in Frameworks */ = {isa = PBXBuildFile; fileRef = 0E75917EC6DEA44684821653 /* Pods_UniFlipTests.framework */; };
/* End PBXBuildFile section */

/* Begin PBXContainerItemProxy section */
		D09FFDBC269C2176008B33B5 /* PBXContainerItemProxy */ = {
			isa = PBXContainerItemProxy;
			containerPortal = D09FFD98269C2174008B33B5 /* Project object */;
			proxyType = 1;
			remoteGlobalIDString = D09FFD9F269C2174008B33B5;
			remoteInfo = UniFlip;
		};
		D09FFDC7269C2176008B33B5 /* PBXContainerItemProxy */ = {
			isa = PBXContainerItemProxy;
			containerPortal = D09FFD98269C2174008B33B5 /* Project object */;
			proxyType = 1;
			remoteGlobalIDString = D09FFD9F269C2174008B33B5;
			remoteInfo = UniFlip;
		};
/* End PBXContainerItemProxy section */

/* Begin PBXFileReference section */
		0251D112866DDE40B3076057 /* Pods-UniFlip.release.xcconfig */ = {isa = PBXFileReference; includeInIndex = 1; lastKnownFileType = text.xcconfig; name = "Pods-UniFlip.release.xcconfig"; path = "Target Support Files/Pods-UniFlip/Pods-UniFlip.release.xcconfig"; sourceTree = "<group>"; };
		0E75917EC6DEA44684821653 /* Pods_UniFlipTests.framework */ = {isa = PBXFileReference; explicitFileType = wrapper.framework; includeInIndex = 0; path = Pods_UniFlipTests.framework; sourceTree = BUILT_PRODUCTS_DIR; };
		12E62F05025D37B8BE7A4EA6 /* Pods_UniFlip_UniFlipUITests.framework */ = {isa = PBXFileReference; explicitFileType = wrapper.framework; includeInIndex = 0; path = Pods_UniFlip_UniFlipUITests.framework; sourceTree = BUILT_PRODUCTS_DIR; };
		3152BFBE0ABEDBF2F22D7215 /* Pods-UniFlip.debug.xcconfig */ = {isa = PBXFileReference; includeInIndex = 1; lastKnownFileType = text.xcconfig; name = "Pods-UniFlip.debug.xcconfig"; path = "Target Support Files/Pods-UniFlip/Pods-UniFlip.debug.xcconfig"; sourceTree = "<group>"; };
		3AE5F59DAC6CE47A878CBE4D /* Pods-UniFlip-UniFlipUITests.release.xcconfig */ = {isa = PBXFileReference; includeInIndex = 1; lastKnownFileType = text.xcconfig; name = "Pods-UniFlip-UniFlipUITests.release.xcconfig"; path = "Target Support Files/Pods-UniFlip-UniFlipUITests/Pods-UniFlip-UniFlipUITests.release.xcconfig"; sourceTree = "<group>"; };
		896002A9551245D6FC5C1603 /* Pods_UniFlip.framework */ = {isa = PBXFileReference; explicitFileType = wrapper.framework; includeInIndex = 0; path = Pods_UniFlip.framework; sourceTree = BUILT_PRODUCTS_DIR; };
		93DD376268BA64498F545A48 /* Pods-UniFlip-UniFlipUITests.debug.xcconfig */ = {isa = PBXFileReference; includeInIndex = 1; lastKnownFileType = text.xcconfig; name = "Pods-UniFlip-UniFlipUITests.debug.xcconfig"; path = "Target Support Files/Pods-UniFlip-UniFlipUITests/Pods-UniFlip-UniFlipUITests.debug.xcconfig"; sourceTree = "<group>"; };
		9FFB65567518D5633E345DA3 /* Pods-UniFlipTests.release.xcconfig */ = {isa = PBXFileReference; includeInIndex = 1; lastKnownFileType = text.xcconfig; name = "Pods-UniFlipTests.release.xcconfig"; path = "Target Support Files/Pods-UniFlipTests/Pods-UniFlipTests.release.xcconfig"; sourceTree = "<group>"; };
		A2FCF7C2A13E6F96EDEF3697 /* Pods-UniFlipTests.debug.xcconfig */ = {isa = PBXFileReference; includeInIndex = 1; lastKnownFileType = text.xcconfig; name = "Pods-UniFlipTests.debug.xcconfig"; path = "Target Support Files/Pods-UniFlipTests/Pods-UniFlipTests.debug.xcconfig"; sourceTree = "<group>"; };
		D09FFDA0269C2174008B33B5 /* UniFlip.app */ = {isa = PBXFileReference; explicitFileType = wrapper.application; includeInIndex = 0; path = UniFlip.app; sourceTree = BUILT_PRODUCTS_DIR; };
		D09FFDA3269C2174008B33B5 /* AppDelegate.h */ = {isa = PBXFileReference; lastKnownFileType = sourcecode.c.h; path = AppDelegate.h; sourceTree = "<group>"; };
		D09FFDA4269C2174008B33B5 /* AppDelegate.m */ = {isa = PBXFileReference; lastKnownFileType = sourcecode.c.objc; path = AppDelegate.m; sourceTree = "<group>"; };
		D09FFDA6269C2174008B33B5 /* SceneDelegate.h */ = {isa = PBXFileReference; lastKnownFileType = sourcecode.c.h; path = SceneDelegate.h; sourceTree = "<group>"; };
		D09FFDA7269C2174008B33B5 /* SceneDelegate.m */ = {isa = PBXFileReference; lastKnownFileType = sourcecode.c.objc; path = SceneDelegate.m; sourceTree = "<group>"; };
		D09FFDAD269C2174008B33B5 /* Base */ = {isa = PBXFileReference; lastKnownFileType = file.storyboard; name = Base; path = Base.lproj/Main.storyboard; sourceTree = "<group>"; };
		D09FFDAF269C2176008B33B5 /* Assets.xcassets */ = {isa = PBXFileReference; lastKnownFileType = folder.assetcatalog; path = Assets.xcassets; sourceTree = "<group>"; };
		D09FFDB2269C2176008B33B5 /* Base */ = {isa = PBXFileReference; lastKnownFileType = file.storyboard; name = Base; path = Base.lproj/LaunchScreen.storyboard; sourceTree = "<group>"; };
		D09FFDB4269C2176008B33B5 /* Info.plist */ = {isa = PBXFileReference; lastKnownFileType = text.plist.xml; path = Info.plist; sourceTree = "<group>"; };
		D09FFDB5269C2176008B33B5 /* main.m */ = {isa = PBXFileReference; lastKnownFileType = sourcecode.c.objc; path = main.m; sourceTree = "<group>"; };
		D09FFDBB269C2176008B33B5 /* UniFlipTests.xctest */ = {isa = PBXFileReference; explicitFileType = wrapper.cfbundle; includeInIndex = 0; path = UniFlipTests.xctest; sourceTree = BUILT_PRODUCTS_DIR; };
		D09FFDBF269C2176008B33B5 /* UniFlipTests.m */ = {isa = PBXFileReference; lastKnownFileType = sourcecode.c.objc; path = UniFlipTests.m; sourceTree = "<group>"; };
		D09FFDC1269C2176008B33B5 /* Info.plist */ = {isa = PBXFileReference; lastKnownFileType = text.plist.xml; path = Info.plist; sourceTree = "<group>"; };
		D09FFDC6269C2176008B33B5 /* UniFlipUITests.xctest */ = {isa = PBXFileReference; explicitFileType = wrapper.cfbundle; includeInIndex = 0; path = UniFlipUITests.xctest; sourceTree = BUILT_PRODUCTS_DIR; };
		D09FFDCA269C2176008B33B5 /* UniFlipUITests.m */ = {isa = PBXFileReference; lastKnownFileType = sourcecode.c.objc; path = UniFlipUITests.m; sourceTree = "<group>"; };
		D09FFDCC269C2176008B33B5 /* Info.plist */ = {isa = PBXFileReference; lastKnownFileType = text.plist.xml; path = Info.plist; sourceTree = "<group>"; };
		D09FFDD9269C2322008B33B5 /* LoginViewController.h */ = {isa = PBXFileReference; lastKnownFileType = sourcecode.c.h; path = LoginViewController.h; sourceTree = "<group>"; };
		D09FFDDA269C2322008B33B5 /* LoginViewController.m */ = {isa = PBXFileReference; lastKnownFileType = sourcecode.c.objc; path = LoginViewController.m; sourceTree = "<group>"; };
		D09FFDDF269CAF50008B33B5 /* NewAccountViewController.h */ = {isa = PBXFileReference; lastKnownFileType = sourcecode.c.h; path = NewAccountViewController.h; sourceTree = "<group>"; };
		D09FFDE0269CAF50008B33B5 /* NewAccountViewController.m */ = {isa = PBXFileReference; lastKnownFileType = sourcecode.c.objc; path = NewAccountViewController.m; sourceTree = "<group>"; };
		D09FFDE3269CDE66008B33B5 /* CollegeCell.h */ = {isa = PBXFileReference; lastKnownFileType = sourcecode.c.h; path = CollegeCell.h; sourceTree = "<group>"; };
		D09FFDE4269CDE66008B33B5 /* CollegeCell.m */ = {isa = PBXFileReference; lastKnownFileType = sourcecode.c.objc; path = CollegeCell.m; sourceTree = "<group>"; };
		D0B7A623269D0EFE0029D204 /* Keys.plist */ = {isa = PBXFileReference; lastKnownFileType = text.plist.xml; path = Keys.plist; sourceTree = "<group>"; };
		D0B7A625269D5A6D0029D204 /* HomeViewController.h */ = {isa = PBXFileReference; lastKnownFileType = sourcecode.c.h; path = HomeViewController.h; sourceTree = "<group>"; };
		D0B7A626269D5A6D0029D204 /* HomeViewController.m */ = {isa = PBXFileReference; lastKnownFileType = sourcecode.c.objc; path = HomeViewController.m; sourceTree = "<group>"; };
		D0B7A628269DEE470029D204 /* SellViewController.h */ = {isa = PBXFileReference; lastKnownFileType = sourcecode.c.h; path = SellViewController.h; sourceTree = "<group>"; };
		D0B7A629269DEE470029D204 /* SellViewController.m */ = {isa = PBXFileReference; lastKnownFileType = sourcecode.c.objc; path = SellViewController.m; sourceTree = "<group>"; };
		D0B7A62F269E8C530029D204 /* SelectOptionViewController.h */ = {isa = PBXFileReference; lastKnownFileType = sourcecode.c.h; path = SelectOptionViewController.h; sourceTree = "<group>"; };
		D0B7A630269E8C530029D204 /* SelectOptionViewController.m */ = {isa = PBXFileReference; lastKnownFileType = sourcecode.c.objc; path = SelectOptionViewController.m; sourceTree = "<group>"; };
		D0B7A632269E934D0029D204 /* OptionCell.h */ = {isa = PBXFileReference; lastKnownFileType = sourcecode.c.h; path = OptionCell.h; sourceTree = "<group>"; };
		D0B7A633269E934D0029D204 /* OptionCell.m */ = {isa = PBXFileReference; lastKnownFileType = sourcecode.c.objc; path = OptionCell.m; sourceTree = "<group>"; };
		D0B7A636269F4A760029D204 /* PlaceAutocompleteViewController.h */ = {isa = PBXFileReference; lastKnownFileType = sourcecode.c.h; path = PlaceAutocompleteViewController.h; sourceTree = "<group>"; };
		D0B7A637269F4A760029D204 /* PlaceAutocompleteViewController.m */ = {isa = PBXFileReference; lastKnownFileType = sourcecode.c.objc; path = PlaceAutocompleteViewController.m; sourceTree = "<group>"; };
		D0B7A63C269FB3E30029D204 /* Listing.h */ = {isa = PBXFileReference; lastKnownFileType = sourcecode.c.h; path = Listing.h; sourceTree = "<group>"; };
		D0B7A63D269FB3E30029D204 /* Listing.m */ = {isa = PBXFileReference; lastKnownFileType = sourcecode.c.objc; path = Listing.m; sourceTree = "<group>"; };
/* End PBXFileReference section */

/* Begin PBXFrameworksBuildPhase section */
		D09FFD9D269C2174008B33B5 /* Frameworks */ = {
			isa = PBXFrameworksBuildPhase;
			buildActionMask = 2147483647;
			files = (
				D56325CDB651DCF1D6E74995 /* Pods_UniFlip.framework in Frameworks */,
			);
			runOnlyForDeploymentPostprocessing = 0;
		};
		D09FFDB8269C2176008B33B5 /* Frameworks */ = {
			isa = PBXFrameworksBuildPhase;
			buildActionMask = 2147483647;
			files = (
				EEF5230230B5B4982AA7A2F1 /* Pods_UniFlipTests.framework in Frameworks */,
			);
			runOnlyForDeploymentPostprocessing = 0;
		};
		D09FFDC3269C2176008B33B5 /* Frameworks */ = {
			isa = PBXFrameworksBuildPhase;
			buildActionMask = 2147483647;
			files = (
				BCD0F66F1D33992042698236 /* Pods_UniFlip_UniFlipUITests.framework in Frameworks */,
			);
			runOnlyForDeploymentPostprocessing = 0;
		};
/* End PBXFrameworksBuildPhase section */

/* Begin PBXGroup section */
		5FEBF2F486C97D6D63C9978B /* Frameworks */ = {
			isa = PBXGroup;
			children = (
				896002A9551245D6FC5C1603 /* Pods_UniFlip.framework */,
				12E62F05025D37B8BE7A4EA6 /* Pods_UniFlip_UniFlipUITests.framework */,
				0E75917EC6DEA44684821653 /* Pods_UniFlipTests.framework */,
			);
			name = Frameworks;
			sourceTree = "<group>";
		};
		7980EBA49B191DCE7671B747 /* Pods */ = {
			isa = PBXGroup;
			children = (
				3152BFBE0ABEDBF2F22D7215 /* Pods-UniFlip.debug.xcconfig */,
				0251D112866DDE40B3076057 /* Pods-UniFlip.release.xcconfig */,
				93DD376268BA64498F545A48 /* Pods-UniFlip-UniFlipUITests.debug.xcconfig */,
				3AE5F59DAC6CE47A878CBE4D /* Pods-UniFlip-UniFlipUITests.release.xcconfig */,
				A2FCF7C2A13E6F96EDEF3697 /* Pods-UniFlipTests.debug.xcconfig */,
				9FFB65567518D5633E345DA3 /* Pods-UniFlipTests.release.xcconfig */,
			);
			path = Pods;
			sourceTree = "<group>";
		};
		D09FFD97269C2174008B33B5 = {
			isa = PBXGroup;
			children = (
				D09FFDA2269C2174008B33B5 /* UniFlip */,
				D09FFDBE269C2176008B33B5 /* UniFlipTests */,
				D09FFDC9269C2176008B33B5 /* UniFlipUITests */,
				D09FFDA1269C2174008B33B5 /* Products */,
				7980EBA49B191DCE7671B747 /* Pods */,
				5FEBF2F486C97D6D63C9978B /* Frameworks */,
			);
			sourceTree = "<group>";
		};
		D09FFDA1269C2174008B33B5 /* Products */ = {
			isa = PBXGroup;
			children = (
				D09FFDA0269C2174008B33B5 /* UniFlip.app */,
				D09FFDBB269C2176008B33B5 /* UniFlipTests.xctest */,
				D09FFDC6269C2176008B33B5 /* UniFlipUITests.xctest */,
			);
			name = Products;
			sourceTree = "<group>";
		};
		D09FFDA2269C2174008B33B5 /* UniFlip */ = {
			isa = PBXGroup;
			children = (
				D0B7A62B269E59A60029D204 /* Models */,
				D09FFDE2269CDE4C008B33B5 /* Views */,
				D09FFDD8269C2180008B33B5 /* View Contollers */,
				D09FFDA3269C2174008B33B5 /* AppDelegate.h */,
				D09FFDA4269C2174008B33B5 /* AppDelegate.m */,
				D09FFDA6269C2174008B33B5 /* SceneDelegate.h */,
				D09FFDA7269C2174008B33B5 /* SceneDelegate.m */,
				D09FFDAC269C2174008B33B5 /* Main.storyboard */,
				D09FFDAF269C2176008B33B5 /* Assets.xcassets */,
				D09FFDB1269C2176008B33B5 /* LaunchScreen.storyboard */,
				D09FFDB4269C2176008B33B5 /* Info.plist */,
				D09FFDB5269C2176008B33B5 /* main.m */,
				D0B7A623269D0EFE0029D204 /* Keys.plist */,
			);
			path = UniFlip;
			sourceTree = "<group>";
		};
		D09FFDBE269C2176008B33B5 /* UniFlipTests */ = {
			isa = PBXGroup;
			children = (
				D09FFDBF269C2176008B33B5 /* UniFlipTests.m */,
				D09FFDC1269C2176008B33B5 /* Info.plist */,
			);
			path = UniFlipTests;
			sourceTree = "<group>";
		};
		D09FFDC9269C2176008B33B5 /* UniFlipUITests */ = {
			isa = PBXGroup;
			children = (
				D09FFDCA269C2176008B33B5 /* UniFlipUITests.m */,
				D09FFDCC269C2176008B33B5 /* Info.plist */,
			);
			path = UniFlipUITests;
			sourceTree = "<group>";
		};
		D09FFDD8269C2180008B33B5 /* View Contollers */ = {
			isa = PBXGroup;
			children = (
				D09FFDD9269C2322008B33B5 /* LoginViewController.h */,
				D09FFDDA269C2322008B33B5 /* LoginViewController.m */,
				D09FFDDF269CAF50008B33B5 /* NewAccountViewController.h */,
				D09FFDE0269CAF50008B33B5 /* NewAccountViewController.m */,
				D0B7A625269D5A6D0029D204 /* HomeViewController.h */,
				D0B7A626269D5A6D0029D204 /* HomeViewController.m */,
				D0B7A628269DEE470029D204 /* SellViewController.h */,
				D0B7A629269DEE470029D204 /* SellViewController.m */,
				D0B7A62F269E8C530029D204 /* SelectOptionViewController.h */,
				D0B7A630269E8C530029D204 /* SelectOptionViewController.m */,
				D0B7A636269F4A760029D204 /* PlaceAutocompleteViewController.h */,
				D0B7A637269F4A760029D204 /* PlaceAutocompleteViewController.m */,
			);
			path = "View Contollers";
			sourceTree = "<group>";
		};
		D09FFDE2269CDE4C008B33B5 /* Views */ = {
			isa = PBXGroup;
			children = (
				D09FFDE3269CDE66008B33B5 /* CollegeCell.h */,
				D09FFDE4269CDE66008B33B5 /* CollegeCell.m */,
				D0B7A632269E934D0029D204 /* OptionCell.h */,
				D0B7A633269E934D0029D204 /* OptionCell.m */,
			);
			path = Views;
			sourceTree = "<group>";
		};
		D0B7A62B269E59A60029D204 /* Models */ = {
			isa = PBXGroup;
			children = (
				D0B7A63C269FB3E30029D204 /* Listing.h */,
				D0B7A63D269FB3E30029D204 /* Listing.m */,
			);
			path = Models;
			sourceTree = "<group>";
		};
/* End PBXGroup section */

/* Begin PBXNativeTarget section */
		D09FFD9F269C2174008B33B5 /* UniFlip */ = {
			isa = PBXNativeTarget;
			buildConfigurationList = D09FFDCF269C2176008B33B5 /* Build configuration list for PBXNativeTarget "UniFlip" */;
			buildPhases = (
				59138E7703A5BBDB4D7A87D6 /* [CP] Check Pods Manifest.lock */,
				D09FFD9C269C2174008B33B5 /* Sources */,
				D09FFD9D269C2174008B33B5 /* Frameworks */,
				D09FFD9E269C2174008B33B5 /* Resources */,
				7ACEDAE1ECB8B8F27D37D355 /* [CP] Embed Pods Frameworks */,
				B70F76C364DD12B62C91EDC4 /* [CP] Copy Pods Resources */,
			);
			buildRules = (
			);
			dependencies = (
			);
			name = UniFlip;
			productName = UniFlip;
			productReference = D09FFDA0269C2174008B33B5 /* UniFlip.app */;
			productType = "com.apple.product-type.application";
		};
		D09FFDBA269C2176008B33B5 /* UniFlipTests */ = {
			isa = PBXNativeTarget;
			buildConfigurationList = D09FFDD2269C2176008B33B5 /* Build configuration list for PBXNativeTarget "UniFlipTests" */;
			buildPhases = (
				6CE8E9F0F07835EC95CF1CE1 /* [CP] Check Pods Manifest.lock */,
				D09FFDB7269C2176008B33B5 /* Sources */,
				D09FFDB8269C2176008B33B5 /* Frameworks */,
				D09FFDB9269C2176008B33B5 /* Resources */,
			);
			buildRules = (
			);
			dependencies = (
				D09FFDBD269C2176008B33B5 /* PBXTargetDependency */,
			);
			name = UniFlipTests;
			productName = UniFlipTests;
			productReference = D09FFDBB269C2176008B33B5 /* UniFlipTests.xctest */;
			productType = "com.apple.product-type.bundle.unit-test";
		};
		D09FFDC5269C2176008B33B5 /* UniFlipUITests */ = {
			isa = PBXNativeTarget;
			buildConfigurationList = D09FFDD5269C2176008B33B5 /* Build configuration list for PBXNativeTarget "UniFlipUITests" */;
			buildPhases = (
				5FD0E091569BC87EA006BA1A /* [CP] Check Pods Manifest.lock */,
				D09FFDC2269C2176008B33B5 /* Sources */,
				D09FFDC3269C2176008B33B5 /* Frameworks */,
				D09FFDC4269C2176008B33B5 /* Resources */,
				5BDCFECDE5B7333BE01DEA35 /* [CP] Embed Pods Frameworks */,
				7B4735A4C0B86649D9DB76E4 /* [CP] Copy Pods Resources */,
			);
			buildRules = (
			);
			dependencies = (
				D09FFDC8269C2176008B33B5 /* PBXTargetDependency */,
			);
			name = UniFlipUITests;
			productName = UniFlipUITests;
			productReference = D09FFDC6269C2176008B33B5 /* UniFlipUITests.xctest */;
			productType = "com.apple.product-type.bundle.ui-testing";
		};
/* End PBXNativeTarget section */

/* Begin PBXProject section */
		D09FFD98269C2174008B33B5 /* Project object */ = {
			isa = PBXProject;
			attributes = {
				LastUpgradeCheck = 1250;
				TargetAttributes = {
					D09FFD9F269C2174008B33B5 = {
						CreatedOnToolsVersion = 12.5.1;
					};
					D09FFDBA269C2176008B33B5 = {
						CreatedOnToolsVersion = 12.5.1;
						TestTargetID = D09FFD9F269C2174008B33B5;
					};
					D09FFDC5269C2176008B33B5 = {
						CreatedOnToolsVersion = 12.5.1;
						TestTargetID = D09FFD9F269C2174008B33B5;
					};
				};
			};
			buildConfigurationList = D09FFD9B269C2174008B33B5 /* Build configuration list for PBXProject "UniFlip" */;
			compatibilityVersion = "Xcode 9.3";
			developmentRegion = en;
			hasScannedForEncodings = 0;
			knownRegions = (
				en,
				Base,
			);
			mainGroup = D09FFD97269C2174008B33B5;
			productRefGroup = D09FFDA1269C2174008B33B5 /* Products */;
			projectDirPath = "";
			projectRoot = "";
			targets = (
				D09FFD9F269C2174008B33B5 /* UniFlip */,
				D09FFDBA269C2176008B33B5 /* UniFlipTests */,
				D09FFDC5269C2176008B33B5 /* UniFlipUITests */,
			);
		};
/* End PBXProject section */

/* Begin PBXResourcesBuildPhase section */
		D09FFD9E269C2174008B33B5 /* Resources */ = {
			isa = PBXResourcesBuildPhase;
			buildActionMask = 2147483647;
			files = (
				D0B7A624269D0EFE0029D204 /* Keys.plist in Resources */,
				D09FFDB3269C2176008B33B5 /* LaunchScreen.storyboard in Resources */,
				D09FFDB0269C2176008B33B5 /* Assets.xcassets in Resources */,
				D09FFDAE269C2174008B33B5 /* Main.storyboard in Resources */,
			);
			runOnlyForDeploymentPostprocessing = 0;
		};
		D09FFDB9269C2176008B33B5 /* Resources */ = {
			isa = PBXResourcesBuildPhase;
			buildActionMask = 2147483647;
			files = (
			);
			runOnlyForDeploymentPostprocessing = 0;
		};
		D09FFDC4269C2176008B33B5 /* Resources */ = {
			isa = PBXResourcesBuildPhase;
			buildActionMask = 2147483647;
			files = (
			);
			runOnlyForDeploymentPostprocessing = 0;
		};
/* End PBXResourcesBuildPhase section */

/* Begin PBXShellScriptBuildPhase section */
		59138E7703A5BBDB4D7A87D6 /* [CP] Check Pods Manifest.lock */ = {
			isa = PBXShellScriptBuildPhase;
			buildActionMask = 2147483647;
			files = (
			);
			inputFileListPaths = (
			);
			inputPaths = (
				"${PODS_PODFILE_DIR_PATH}/Podfile.lock",
				"${PODS_ROOT}/Manifest.lock",
			);
			name = "[CP] Check Pods Manifest.lock";
			outputFileListPaths = (
			);
			outputPaths = (
				"$(DERIVED_FILE_DIR)/Pods-UniFlip-checkManifestLockResult.txt",
			);
			runOnlyForDeploymentPostprocessing = 0;
			shellPath = /bin/sh;
			shellScript = "diff \"${PODS_PODFILE_DIR_PATH}/Podfile.lock\" \"${PODS_ROOT}/Manifest.lock\" > /dev/null\nif [ $? != 0 ] ; then\n    # print error to STDERR\n    echo \"error: The sandbox is not in sync with the Podfile.lock. Run 'pod install' or update your CocoaPods installation.\" >&2\n    exit 1\nfi\n# This output is used by Xcode 'outputs' to avoid re-running this script phase.\necho \"SUCCESS\" > \"${SCRIPT_OUTPUT_FILE_0}\"\n";
			showEnvVarsInLog = 0;
		};
		5BDCFECDE5B7333BE01DEA35 /* [CP] Embed Pods Frameworks */ = {
			isa = PBXShellScriptBuildPhase;
			buildActionMask = 2147483647;
			files = (
			);
			inputFileListPaths = (
				"${PODS_ROOT}/Target Support Files/Pods-UniFlip-UniFlipUITests/Pods-UniFlip-UniFlipUITests-frameworks-${CONFIGURATION}-input-files.xcfilelist",
			);
			name = "[CP] Embed Pods Frameworks";
			outputFileListPaths = (
				"${PODS_ROOT}/Target Support Files/Pods-UniFlip-UniFlipUITests/Pods-UniFlip-UniFlipUITests-frameworks-${CONFIGURATION}-output-files.xcfilelist",
			);
			runOnlyForDeploymentPostprocessing = 0;
			shellPath = /bin/sh;
			shellScript = "\"${PODS_ROOT}/Target Support Files/Pods-UniFlip-UniFlipUITests/Pods-UniFlip-UniFlipUITests-frameworks.sh\"\n";
			showEnvVarsInLog = 0;
		};
		5FD0E091569BC87EA006BA1A /* [CP] Check Pods Manifest.lock */ = {
			isa = PBXShellScriptBuildPhase;
			buildActionMask = 2147483647;
			files = (
			);
			inputFileListPaths = (
			);
			inputPaths = (
				"${PODS_PODFILE_DIR_PATH}/Podfile.lock",
				"${PODS_ROOT}/Manifest.lock",
			);
			name = "[CP] Check Pods Manifest.lock";
			outputFileListPaths = (
			);
			outputPaths = (
				"$(DERIVED_FILE_DIR)/Pods-UniFlip-UniFlipUITests-checkManifestLockResult.txt",
			);
			runOnlyForDeploymentPostprocessing = 0;
			shellPath = /bin/sh;
			shellScript = "diff \"${PODS_PODFILE_DIR_PATH}/Podfile.lock\" \"${PODS_ROOT}/Manifest.lock\" > /dev/null\nif [ $? != 0 ] ; then\n    # print error to STDERR\n    echo \"error: The sandbox is not in sync with the Podfile.lock. Run 'pod install' or update your CocoaPods installation.\" >&2\n    exit 1\nfi\n# This output is used by Xcode 'outputs' to avoid re-running this script phase.\necho \"SUCCESS\" > \"${SCRIPT_OUTPUT_FILE_0}\"\n";
			showEnvVarsInLog = 0;
		};
		6CE8E9F0F07835EC95CF1CE1 /* [CP] Check Pods Manifest.lock */ = {
			isa = PBXShellScriptBuildPhase;
			buildActionMask = 2147483647;
			files = (
			);
			inputFileListPaths = (
			);
			inputPaths = (
				"${PODS_PODFILE_DIR_PATH}/Podfile.lock",
				"${PODS_ROOT}/Manifest.lock",
			);
			name = "[CP] Check Pods Manifest.lock";
			outputFileListPaths = (
			);
			outputPaths = (
				"$(DERIVED_FILE_DIR)/Pods-UniFlipTests-checkManifestLockResult.txt",
			);
			runOnlyForDeploymentPostprocessing = 0;
			shellPath = /bin/sh;
			shellScript = "diff \"${PODS_PODFILE_DIR_PATH}/Podfile.lock\" \"${PODS_ROOT}/Manifest.lock\" > /dev/null\nif [ $? != 0 ] ; then\n    # print error to STDERR\n    echo \"error: The sandbox is not in sync with the Podfile.lock. Run 'pod install' or update your CocoaPods installation.\" >&2\n    exit 1\nfi\n# This output is used by Xcode 'outputs' to avoid re-running this script phase.\necho \"SUCCESS\" > \"${SCRIPT_OUTPUT_FILE_0}\"\n";
			showEnvVarsInLog = 0;
		};
		7ACEDAE1ECB8B8F27D37D355 /* [CP] Embed Pods Frameworks */ = {
			isa = PBXShellScriptBuildPhase;
			buildActionMask = 2147483647;
			files = (
			);
			inputFileListPaths = (
				"${PODS_ROOT}/Target Support Files/Pods-UniFlip/Pods-UniFlip-frameworks-${CONFIGURATION}-input-files.xcfilelist",
			);
			name = "[CP] Embed Pods Frameworks";
			outputFileListPaths = (
				"${PODS_ROOT}/Target Support Files/Pods-UniFlip/Pods-UniFlip-frameworks-${CONFIGURATION}-output-files.xcfilelist",
			);
			runOnlyForDeploymentPostprocessing = 0;
			shellPath = /bin/sh;
			shellScript = "\"${PODS_ROOT}/Target Support Files/Pods-UniFlip/Pods-UniFlip-frameworks.sh\"\n";
			showEnvVarsInLog = 0;
		};
		7B4735A4C0B86649D9DB76E4 /* [CP] Copy Pods Resources */ = {
			isa = PBXShellScriptBuildPhase;
			buildActionMask = 2147483647;
			files = (
			);
			inputFileListPaths = (
				"${PODS_ROOT}/Target Support Files/Pods-UniFlip-UniFlipUITests/Pods-UniFlip-UniFlipUITests-resources-${CONFIGURATION}-input-files.xcfilelist",
			);
			name = "[CP] Copy Pods Resources";
			outputFileListPaths = (
				"${PODS_ROOT}/Target Support Files/Pods-UniFlip-UniFlipUITests/Pods-UniFlip-UniFlipUITests-resources-${CONFIGURATION}-output-files.xcfilelist",
			);
			runOnlyForDeploymentPostprocessing = 0;
			shellPath = /bin/sh;
			shellScript = "\"${PODS_ROOT}/Target Support Files/Pods-UniFlip-UniFlipUITests/Pods-UniFlip-UniFlipUITests-resources.sh\"\n";
			showEnvVarsInLog = 0;
		};
		B70F76C364DD12B62C91EDC4 /* [CP] Copy Pods Resources */ = {
			isa = PBXShellScriptBuildPhase;
			buildActionMask = 2147483647;
			files = (
			);
			inputFileListPaths = (
				"${PODS_ROOT}/Target Support Files/Pods-UniFlip/Pods-UniFlip-resources-${CONFIGURATION}-input-files.xcfilelist",
			);
			name = "[CP] Copy Pods Resources";
			outputFileListPaths = (
				"${PODS_ROOT}/Target Support Files/Pods-UniFlip/Pods-UniFlip-resources-${CONFIGURATION}-output-files.xcfilelist",
			);
			runOnlyForDeploymentPostprocessing = 0;
			shellPath = /bin/sh;
			shellScript = "\"${PODS_ROOT}/Target Support Files/Pods-UniFlip/Pods-UniFlip-resources.sh\"\n";
			showEnvVarsInLog = 0;
		};
/* End PBXShellScriptBuildPhase section */

/* Begin PBXSourcesBuildPhase section */
		D09FFD9C269C2174008B33B5 /* Sources */ = {
			isa = PBXSourcesBuildPhase;
			buildActionMask = 2147483647;
			files = (
				D09FFDE1269CAF50008B33B5 /* NewAccountViewController.m in Sources */,
				D09FFDDB269C2322008B33B5 /* LoginViewController.m in Sources */,
				D0B7A634269E934D0029D204 /* OptionCell.m in Sources */,
				D09FFDA5269C2174008B33B5 /* AppDelegate.m in Sources */,
				D09FFDB6269C2176008B33B5 /* main.m in Sources */,
				D09FFDA8269C2174008B33B5 /* SceneDelegate.m in Sources */,
				D0B7A63E269FB3E30029D204 /* Listing.m in Sources */,
				D0B7A627269D5A6D0029D204 /* HomeViewController.m in Sources */,
				D0B7A62A269DEE470029D204 /* SellViewController.m in Sources */,
				D09FFDE5269CDE66008B33B5 /* CollegeCell.m in Sources */,
				D0B7A638269F4A760029D204 /* PlaceAutocompleteViewController.m in Sources */,
				D0B7A631269E8C530029D204 /* SelectOptionViewController.m in Sources */,
			);
			runOnlyForDeploymentPostprocessing = 0;
		};
		D09FFDB7269C2176008B33B5 /* Sources */ = {
			isa = PBXSourcesBuildPhase;
			buildActionMask = 2147483647;
			files = (
				D09FFDC0269C2176008B33B5 /* UniFlipTests.m in Sources */,
			);
			runOnlyForDeploymentPostprocessing = 0;
		};
		D09FFDC2269C2176008B33B5 /* Sources */ = {
			isa = PBXSourcesBuildPhase;
			buildActionMask = 2147483647;
			files = (
				D09FFDCB269C2176008B33B5 /* UniFlipUITests.m in Sources */,
			);
			runOnlyForDeploymentPostprocessing = 0;
		};
/* End PBXSourcesBuildPhase section */

/* Begin PBXTargetDependency section */
		D09FFDBD269C2176008B33B5 /* PBXTargetDependency */ = {
			isa = PBXTargetDependency;
			target = D09FFD9F269C2174008B33B5 /* UniFlip */;
			targetProxy = D09FFDBC269C2176008B33B5 /* PBXContainerItemProxy */;
		};
		D09FFDC8269C2176008B33B5 /* PBXTargetDependency */ = {
			isa = PBXTargetDependency;
			target = D09FFD9F269C2174008B33B5 /* UniFlip */;
			targetProxy = D09FFDC7269C2176008B33B5 /* PBXContainerItemProxy */;
		};
/* End PBXTargetDependency section */

/* Begin PBXVariantGroup section */
		D09FFDAC269C2174008B33B5 /* Main.storyboard */ = {
			isa = PBXVariantGroup;
			children = (
				D09FFDAD269C2174008B33B5 /* Base */,
			);
			name = Main.storyboard;
			sourceTree = "<group>";
		};
		D09FFDB1269C2176008B33B5 /* LaunchScreen.storyboard */ = {
			isa = PBXVariantGroup;
			children = (
				D09FFDB2269C2176008B33B5 /* Base */,
			);
			name = LaunchScreen.storyboard;
			sourceTree = "<group>";
		};
/* End PBXVariantGroup section */

/* Begin XCBuildConfiguration section */
		D09FFDCD269C2176008B33B5 /* Debug */ = {
			isa = XCBuildConfiguration;
			buildSettings = {
				ALWAYS_SEARCH_USER_PATHS = NO;
				CLANG_ANALYZER_NONNULL = YES;
				CLANG_ANALYZER_NUMBER_OBJECT_CONVERSION = YES_AGGRESSIVE;
				CLANG_CXX_LANGUAGE_STANDARD = "gnu++14";
				CLANG_CXX_LIBRARY = "libc++";
				CLANG_ENABLE_MODULES = YES;
				CLANG_ENABLE_OBJC_ARC = YES;
				CLANG_ENABLE_OBJC_WEAK = YES;
				CLANG_WARN_BLOCK_CAPTURE_AUTORELEASING = YES;
				CLANG_WARN_BOOL_CONVERSION = YES;
				CLANG_WARN_COMMA = YES;
				CLANG_WARN_CONSTANT_CONVERSION = YES;
				CLANG_WARN_DEPRECATED_OBJC_IMPLEMENTATIONS = YES;
				CLANG_WARN_DIRECT_OBJC_ISA_USAGE = YES_ERROR;
				CLANG_WARN_DOCUMENTATION_COMMENTS = YES;
				CLANG_WARN_EMPTY_BODY = YES;
				CLANG_WARN_ENUM_CONVERSION = YES;
				CLANG_WARN_INFINITE_RECURSION = YES;
				CLANG_WARN_INT_CONVERSION = YES;
				CLANG_WARN_NON_LITERAL_NULL_CONVERSION = YES;
				CLANG_WARN_OBJC_IMPLICIT_RETAIN_SELF = YES;
				CLANG_WARN_OBJC_LITERAL_CONVERSION = YES;
				CLANG_WARN_OBJC_ROOT_CLASS = YES_ERROR;
				CLANG_WARN_QUOTED_INCLUDE_IN_FRAMEWORK_HEADER = YES;
				CLANG_WARN_RANGE_LOOP_ANALYSIS = YES;
				CLANG_WARN_STRICT_PROTOTYPES = YES;
				CLANG_WARN_SUSPICIOUS_MOVE = YES;
				CLANG_WARN_UNGUARDED_AVAILABILITY = YES_AGGRESSIVE;
				CLANG_WARN_UNREACHABLE_CODE = YES;
				CLANG_WARN__DUPLICATE_METHOD_MATCH = YES;
				COPY_PHASE_STRIP = NO;
				DEBUG_INFORMATION_FORMAT = dwarf;
				ENABLE_STRICT_OBJC_MSGSEND = YES;
				ENABLE_TESTABILITY = YES;
				GCC_C_LANGUAGE_STANDARD = gnu11;
				GCC_DYNAMIC_NO_PIC = NO;
				GCC_NO_COMMON_BLOCKS = YES;
				GCC_OPTIMIZATION_LEVEL = 0;
				GCC_PREPROCESSOR_DEFINITIONS = (
					"DEBUG=1",
					"$(inherited)",
				);
				GCC_WARN_64_TO_32_BIT_CONVERSION = YES;
				GCC_WARN_ABOUT_RETURN_TYPE = YES_ERROR;
				GCC_WARN_UNDECLARED_SELECTOR = YES;
				GCC_WARN_UNINITIALIZED_AUTOS = YES_AGGRESSIVE;
				GCC_WARN_UNUSED_FUNCTION = YES;
				GCC_WARN_UNUSED_VARIABLE = YES;
				IPHONEOS_DEPLOYMENT_TARGET = 14.5;
				MTL_ENABLE_DEBUG_INFO = INCLUDE_SOURCE;
				MTL_FAST_MATH = YES;
				ONLY_ACTIVE_ARCH = YES;
				SDKROOT = iphoneos;
			};
			name = Debug;
		};
		D09FFDCE269C2176008B33B5 /* Release */ = {
			isa = XCBuildConfiguration;
			buildSettings = {
				ALWAYS_SEARCH_USER_PATHS = NO;
				CLANG_ANALYZER_NONNULL = YES;
				CLANG_ANALYZER_NUMBER_OBJECT_CONVERSION = YES_AGGRESSIVE;
				CLANG_CXX_LANGUAGE_STANDARD = "gnu++14";
				CLANG_CXX_LIBRARY = "libc++";
				CLANG_ENABLE_MODULES = YES;
				CLANG_ENABLE_OBJC_ARC = YES;
				CLANG_ENABLE_OBJC_WEAK = YES;
				CLANG_WARN_BLOCK_CAPTURE_AUTORELEASING = YES;
				CLANG_WARN_BOOL_CONVERSION = YES;
				CLANG_WARN_COMMA = YES;
				CLANG_WARN_CONSTANT_CONVERSION = YES;
				CLANG_WARN_DEPRECATED_OBJC_IMPLEMENTATIONS = YES;
				CLANG_WARN_DIRECT_OBJC_ISA_USAGE = YES_ERROR;
				CLANG_WARN_DOCUMENTATION_COMMENTS = YES;
				CLANG_WARN_EMPTY_BODY = YES;
				CLANG_WARN_ENUM_CONVERSION = YES;
				CLANG_WARN_INFINITE_RECURSION = YES;
				CLANG_WARN_INT_CONVERSION = YES;
				CLANG_WARN_NON_LITERAL_NULL_CONVERSION = YES;
				CLANG_WARN_OBJC_IMPLICIT_RETAIN_SELF = YES;
				CLANG_WARN_OBJC_LITERAL_CONVERSION = YES;
				CLANG_WARN_OBJC_ROOT_CLASS = YES_ERROR;
				CLANG_WARN_QUOTED_INCLUDE_IN_FRAMEWORK_HEADER = YES;
				CLANG_WARN_RANGE_LOOP_ANALYSIS = YES;
				CLANG_WARN_STRICT_PROTOTYPES = YES;
				CLANG_WARN_SUSPICIOUS_MOVE = YES;
				CLANG_WARN_UNGUARDED_AVAILABILITY = YES_AGGRESSIVE;
				CLANG_WARN_UNREACHABLE_CODE = YES;
				CLANG_WARN__DUPLICATE_METHOD_MATCH = YES;
				COPY_PHASE_STRIP = NO;
				DEBUG_INFORMATION_FORMAT = "dwarf-with-dsym";
				ENABLE_NS_ASSERTIONS = NO;
				ENABLE_STRICT_OBJC_MSGSEND = YES;
				GCC_C_LANGUAGE_STANDARD = gnu11;
				GCC_NO_COMMON_BLOCKS = YES;
				GCC_WARN_64_TO_32_BIT_CONVERSION = YES;
				GCC_WARN_ABOUT_RETURN_TYPE = YES_ERROR;
				GCC_WARN_UNDECLARED_SELECTOR = YES;
				GCC_WARN_UNINITIALIZED_AUTOS = YES_AGGRESSIVE;
				GCC_WARN_UNUSED_FUNCTION = YES;
				GCC_WARN_UNUSED_VARIABLE = YES;
				IPHONEOS_DEPLOYMENT_TARGET = 14.5;
				MTL_ENABLE_DEBUG_INFO = NO;
				MTL_FAST_MATH = YES;
				SDKROOT = iphoneos;
				VALIDATE_PRODUCT = YES;
			};
			name = Release;
		};
		D09FFDD0269C2176008B33B5 /* Debug */ = {
			isa = XCBuildConfiguration;
			baseConfigurationReference = 3152BFBE0ABEDBF2F22D7215 /* Pods-UniFlip.debug.xcconfig */;
			buildSettings = {
				ASSETCATALOG_COMPILER_APPICON_NAME = AppIcon;
				ASSETCATALOG_COMPILER_GLOBAL_ACCENT_COLOR_NAME = AccentColor;
				CODE_SIGN_STYLE = Automatic;
				DEVELOPMENT_TEAM = DHFZKU4548;
				INFOPLIST_FILE = UniFlip/Info.plist;
				LD_RUNPATH_SEARCH_PATHS = (
					"$(inherited)",
					"@executable_path/Frameworks",
				);
				PRODUCT_BUNDLE_IDENTIFIER = com.mac2492.UniFlip;
				PRODUCT_NAME = "$(TARGET_NAME)";
				TARGETED_DEVICE_FAMILY = "1,2";
			};
			name = Debug;
		};
		D09FFDD1269C2176008B33B5 /* Release */ = {
			isa = XCBuildConfiguration;
			baseConfigurationReference = 0251D112866DDE40B3076057 /* Pods-UniFlip.release.xcconfig */;
			buildSettings = {
				ASSETCATALOG_COMPILER_APPICON_NAME = AppIcon;
				ASSETCATALOG_COMPILER_GLOBAL_ACCENT_COLOR_NAME = AccentColor;
				CODE_SIGN_STYLE = Automatic;
				DEVELOPMENT_TEAM = DHFZKU4548;
				INFOPLIST_FILE = UniFlip/Info.plist;
				LD_RUNPATH_SEARCH_PATHS = (
					"$(inherited)",
					"@executable_path/Frameworks",
				);
				PRODUCT_BUNDLE_IDENTIFIER = com.mac2492.UniFlip;
				PRODUCT_NAME = "$(TARGET_NAME)";
				TARGETED_DEVICE_FAMILY = "1,2";
			};
			name = Release;
		};
		D09FFDD3269C2176008B33B5 /* Debug */ = {
			isa = XCBuildConfiguration;
			baseConfigurationReference = A2FCF7C2A13E6F96EDEF3697 /* Pods-UniFlipTests.debug.xcconfig */;
			buildSettings = {
				BUNDLE_LOADER = "$(TEST_HOST)";
				CODE_SIGN_STYLE = Automatic;
				DEVELOPMENT_TEAM = DHFZKU4548;
				INFOPLIST_FILE = UniFlipTests/Info.plist;
				IPHONEOS_DEPLOYMENT_TARGET = 14.5;
				LD_RUNPATH_SEARCH_PATHS = (
					"$(inherited)",
					"@executable_path/Frameworks",
					"@loader_path/Frameworks",
				);
				PRODUCT_BUNDLE_IDENTIFIER = com.mac2492.UniFlipTests;
				PRODUCT_NAME = "$(TARGET_NAME)";
				TARGETED_DEVICE_FAMILY = "1,2";
				TEST_HOST = "$(BUILT_PRODUCTS_DIR)/UniFlip.app/UniFlip";
			};
			name = Debug;
		};
		D09FFDD4269C2176008B33B5 /* Release */ = {
			isa = XCBuildConfiguration;
			baseConfigurationReference = 9FFB65567518D5633E345DA3 /* Pods-UniFlipTests.release.xcconfig */;
			buildSettings = {
				BUNDLE_LOADER = "$(TEST_HOST)";
				CODE_SIGN_STYLE = Automatic;
				DEVELOPMENT_TEAM = DHFZKU4548;
				INFOPLIST_FILE = UniFlipTests/Info.plist;
				IPHONEOS_DEPLOYMENT_TARGET = 14.5;
				LD_RUNPATH_SEARCH_PATHS = (
					"$(inherited)",
					"@executable_path/Frameworks",
					"@loader_path/Frameworks",
				);
				PRODUCT_BUNDLE_IDENTIFIER = com.mac2492.UniFlipTests;
				PRODUCT_NAME = "$(TARGET_NAME)";
				TARGETED_DEVICE_FAMILY = "1,2";
				TEST_HOST = "$(BUILT_PRODUCTS_DIR)/UniFlip.app/UniFlip";
			};
			name = Release;
		};
		D09FFDD6269C2176008B33B5 /* Debug */ = {
			isa = XCBuildConfiguration;
			baseConfigurationReference = 93DD376268BA64498F545A48 /* Pods-UniFlip-UniFlipUITests.debug.xcconfig */;
			buildSettings = {
				CODE_SIGN_STYLE = Automatic;
				DEVELOPMENT_TEAM = DHFZKU4548;
				INFOPLIST_FILE = UniFlipUITests/Info.plist;
				LD_RUNPATH_SEARCH_PATHS = (
					"$(inherited)",
					"@executable_path/Frameworks",
					"@loader_path/Frameworks",
				);
				PRODUCT_BUNDLE_IDENTIFIER = com.mac2492.UniFlipUITests;
				PRODUCT_NAME = "$(TARGET_NAME)";
				TARGETED_DEVICE_FAMILY = "1,2";
				TEST_TARGET_NAME = UniFlip;
			};
			name = Debug;
		};
		D09FFDD7269C2176008B33B5 /* Release */ = {
			isa = XCBuildConfiguration;
			baseConfigurationReference = 3AE5F59DAC6CE47A878CBE4D /* Pods-UniFlip-UniFlipUITests.release.xcconfig */;
			buildSettings = {
				CODE_SIGN_STYLE = Automatic;
				DEVELOPMENT_TEAM = DHFZKU4548;
				INFOPLIST_FILE = UniFlipUITests/Info.plist;
				LD_RUNPATH_SEARCH_PATHS = (
					"$(inherited)",
					"@executable_path/Frameworks",
					"@loader_path/Frameworks",
				);
				PRODUCT_BUNDLE_IDENTIFIER = com.mac2492.UniFlipUITests;
				PRODUCT_NAME = "$(TARGET_NAME)";
				TARGETED_DEVICE_FAMILY = "1,2";
				TEST_TARGET_NAME = UniFlip;
			};
			name = Release;
		};
/* End XCBuildConfiguration section */

/* Begin XCConfigurationList section */
		D09FFD9B269C2174008B33B5 /* Build configuration list for PBXProject "UniFlip" */ = {
			isa = XCConfigurationList;
			buildConfigurations = (
				D09FFDCD269C2176008B33B5 /* Debug */,
				D09FFDCE269C2176008B33B5 /* Release */,
			);
			defaultConfigurationIsVisible = 0;
			defaultConfigurationName = Release;
		};
		D09FFDCF269C2176008B33B5 /* Build configuration list for PBXNativeTarget "UniFlip" */ = {
			isa = XCConfigurationList;
			buildConfigurations = (
				D09FFDD0269C2176008B33B5 /* Debug */,
				D09FFDD1269C2176008B33B5 /* Release */,
			);
			defaultConfigurationIsVisible = 0;
			defaultConfigurationName = Release;
		};
		D09FFDD2269C2176008B33B5 /* Build configuration list for PBXNativeTarget "UniFlipTests" */ = {
			isa = XCConfigurationList;
			buildConfigurations = (
				D09FFDD3269C2176008B33B5 /* Debug */,
				D09FFDD4269C2176008B33B5 /* Release */,
			);
			defaultConfigurationIsVisible = 0;
			defaultConfigurationName = Release;
		};
		D09FFDD5269C2176008B33B5 /* Build configuration list for PBXNativeTarget "UniFlipUITests" */ = {
			isa = XCConfigurationList;
			buildConfigurations = (
				D09FFDD6269C2176008B33B5 /* Debug */,
				D09FFDD7269C2176008B33B5 /* Release */,
			);
			defaultConfigurationIsVisible = 0;
			defaultConfigurationName = Release;
		};
/* End XCConfigurationList section */
	};
	rootObject = D09FFD98269C2174008B33B5 /* Project object */;
}
